<Solution>
  <Folder Name="/Solution Items/">
    <File Path=".gitignore" />
  </Folder>
  <Folder Name="/src/">
    <Project Path="src/ContaCorrente/BankMore.ContaCorrente.API/BankMore.ContaCorrente.API.csproj" />
    <Project Path="src/ContaCorrente/BankMore.ContaCorrente.Application/BankMore.ContaCorrente.Application.csproj" />
    <Project Path="src/ContaCorrente/BankMore.ContaCorrente.Domain/BankMore.ContaCorrente.Domain.csproj" />
    <Project Path="src/ContaCorrente/BankMore.ContaCorrente.Infrastructure/BankMore.ContaCorrente.Infrastructure.csproj" />
  </Folder>
</Solution>
